
Microsoft Visual Studio Solution File, Format Version 12.00
# Visual Studio Version 17
VisualStudioVersion = 17.9.34622.214
MinimumVisualStudioVersion = 10.0.40219.1
Project("{888888A0-9F3D-457C-B088-3A5042F75D52}") = "Moodle_rf", "Moodle_rf\Moodle_rf.pyproj", "{0811EAB0-F511-47CD-BA27-E06688695D31}"
EndProject
Global
	GlobalSection(SolutionConfigurationPlatforms) = preSolution
		Debug|Any CPU = Debug|Any CPU
		Release|Any CPU = Release|Any CPU
	EndGlobalSection
	GlobalSection(ProjectConfigurationPlatforms) = postSolution
		{0811EAB0-F511-47CD-BA27-E06688695D31}.Debug|Any CPU.ActiveCfg = Debug|Any CPU
		{0811EAB0-F511-47CD-BA27-E06688695D31}.Debug|Any CPU.Build.0 = Debug|Any CPU
		{0811EAB0-F511-47CD-BA27-E06688695D31}.Release|Any CPU.ActiveCfg = Release|Any CPU
		{0811EAB0-F511-47CD-BA27-E06688695D31}.Release|Any CPU.Build.0 = Release|Any CPU
	EndGlobalSection
	GlobalSection(SolutionProperties) = preSolution
		HideSolutionNode = FALSE
	EndGlobalSection
	GlobalSection(ExtensibilityGlobals) = postSolution
		SolutionGuid = {14A60D75-F628-4CBD-A3AD-41F730B26810}
	EndGlobalSection
EndGlobal
